Microsoft Visual Studio Solution File, Format Version 12.00
# Visual Studio Version 17
VisualStudioVersion = 17.5.2.0
MinimumVisualStudioVersion = 10.0.40219.1
Project("{FAE04EC0-301F-11D3-BF4B-00C04F79EFBC}") = "FoodCreator", "FoodCreator.csproj", "{CA10C28F-2C5E-9A82-8E90-5B718B0A3ACE}"
EndProject
Global
	GlobalSection(SolutionConfigurationPlatforms) = preSolution
		Debug|Any CPU = Debug|Any CPU
		Release|Any CPU = Release|Any CPU
	EndGlobalSection
	GlobalSection(ProjectConfigurationPlatforms) = postSolution
		{CA10C28F-2C5E-9A82-8E90-5B718B0A3ACE}.Debug|Any CPU.ActiveCfg = Debug|Any CPU
		{CA10C28F-2C5E-9A82-8E90-5B718B0A3ACE}.Debug|Any CPU.Build.0 = Debug|Any CPU
		{CA10C28F-2C5E-9A82-8E90-5B718B0A3ACE}.Release|Any CPU.ActiveCfg = Release|Any CPU
		{CA10C28F-2C5E-9A82-8E90-5B718B0A3ACE}.Release|Any CPU.Build.0 = Release|Any CPU
	EndGlobalSection
	GlobalSection(SolutionProperties) = preSolution
		HideSolutionNode = FALSE
	EndGlobalSection
	GlobalSection(ExtensibilityGlobals) = postSolution
		SolutionGuid = {BD4982A1-7488-478E-AF9A-68D25C4233B7}
	EndGlobalSection
EndGlobal
