
Microsoft Visual Studio Solution File, Format Version 12.00
Project("{FAE04EC0-301F-11D3-BF4B-00C04F79EFBC}") = "Food Creator", "Food Creator\Food Creator.csproj", "{BA5FA92A-A669-4F40-9C64-D4B0CFB00300}"
EndProject
Global
	GlobalSection(SolutionConfigurationPlatforms) = preSolution
		Debug|Any CPU = Debug|Any CPU
		Release|Any CPU = Release|Any CPU
	EndGlobalSection
	GlobalSection(ProjectConfigurationPlatforms) = postSolution
		{BA5FA92A-A669-4F40-9C64-D4B0CFB00300}.Debug|Any CPU.ActiveCfg = Debug|Any CPU
		{BA5FA92A-A669-4F40-9C64-D4B0CFB00300}.Debug|Any CPU.Build.0 = Debug|Any CPU
		{BA5FA92A-A669-4F40-9C64-D4B0CFB00300}.Release|Any CPU.ActiveCfg = Release|Any CPU
		{BA5FA92A-A669-4F40-9C64-D4B0CFB00300}.Release|Any CPU.Build.0 = Release|Any CPU
	EndGlobalSection
EndGlobal
